
Microsoft Visual Studio Solution File, Format Version 12.00
# Visual Studio Version 16
VisualStudioVersion = 16.0.29306.81
MinimumVisualStudioVersion = 10.0.40219.1
Project("{8BC9CEB8-8B4A-11D0-8D11-00A0C91BC942}") = "EffectBuild", "EffectBuild\EffectBuild.vcxproj", "{9ECB1E02-A4BB-4A65-8CE2-746684CDC796}"
EndProject
Global
	GlobalSection(SolutionConfigurationPlatforms) = preSolution
		Debug|x64 = Debug|x64
		Debug|x86 = Debug|x86
		Release|x64 = Release|x64
		Release|x86 = Release|x86
	EndGlobalSection
	GlobalSection(ProjectConfigurationPlatforms) = postSolution
		{9ECB1E02-A4BB-4A65-8CE2-746684CDC796}.Debug|x64.ActiveCfg = Debug|x64
		{9ECB1E02-A4BB-4A65-8CE2-746684CDC796}.Debug|x64.Build.0 = Debug|x64
		{9ECB1E02-A4BB-4A65-8CE2-746684CDC796}.Debug|x86.ActiveCfg = Debug|Win32
		{9ECB1E02-A4BB-4A65-8CE2-746684CDC796}.Debug|x86.Build.0 = Debug|Win32
		{9ECB1E02-A4BB-4A65-8CE2-746684CDC796}.Release|x64.ActiveCfg = Release|x64
		{9ECB1E02-A4BB-4A65-8CE2-746684CDC796}.Release|x64.Build.0 = Release|x64
		{9ECB1E02-A4BB-4A65-8CE2-746684CDC796}.Release|x86.ActiveCfg = Release|Win32
		{9ECB1E02-A4BB-4A65-8CE2-746684CDC796}.Release|x86.Build.0 = Release|Win32
	EndGlobalSection
	GlobalSection(SolutionProperties) = preSolution
		HideSolutionNode = FALSE
	EndGlobalSection
	GlobalSection(ExtensibilityGlobals) = postSolution
		SolutionGuid = {A402FC1B-DD07-4346-936C-D65987636C8C}
	EndGlobalSection
EndGlobal
